
Microsoft Visual Studio Solution File, Format Version 12.00
# Visual Studio Version 17
VisualStudioVersion = 17.9.34518.117
MinimumVisualStudioVersion = 10.0.40219.1
Project("{9A19103F-16F7-4668-BE54-9A1E7A4F7556}") = "CosmosDbCreateItemFunction", "CosmosDbCreateItemFunction.csproj", "{D723CCCF-54FD-4DC5-A7A2-057E5204EE9F}"
EndProject
Global
	GlobalSection(SolutionConfigurationPlatforms) = preSolution
		Debug|Any CPU = Debug|Any CPU
		Release|Any CPU = Release|Any CPU
	EndGlobalSection
	GlobalSection(ProjectConfigurationPlatforms) = postSolution
		{D723CCCF-54FD-4DC5-A7A2-057E5204EE9F}.Debug|Any CPU.ActiveCfg = Debug|Any CPU
		{D723CCCF-54FD-4DC5-A7A2-057E5204EE9F}.Debug|Any CPU.Build.0 = Debug|Any CPU
		{D723CCCF-54FD-4DC5-A7A2-057E5204EE9F}.Release|Any CPU.ActiveCfg = Release|Any CPU
		{D723CCCF-54FD-4DC5-A7A2-057E5204EE9F}.Release|Any CPU.Build.0 = Release|Any CPU
	EndGlobalSection
	GlobalSection(SolutionProperties) = preSolution
		HideSolutionNode = FALSE
	EndGlobalSection
	GlobalSection(ExtensibilityGlobals) = postSolution
		SolutionGuid = {396309C5-6F02-4772-803B-25BB7879D442}
	EndGlobalSection
EndGlobal
